PODS:
  - Flutter (1.0.0)
  - key_value_store_flutter (0.0.1):
    - Flutter
  - path_provider (0.0.1):
    - Flutter
  - shared_preferences (0.0.1):
    - Flutter
  - url_launcher (0.0.1):
    - Flutter

DEPENDENCIES:
  - Flutter (from `Flutter`)
  - key_value_store_flutter (from `.symlinks/plugins/key_value_store_flutter/ios`)
  - path_provider (from `.symlinks/plugins/path_provider/ios`)
  - shared_preferences (from `.symlinks/plugins/shared_preferences/ios`)
  - url_launcher (from `.symlinks/plugins/url_launcher/ios`)

EXTERNAL SOURCES:
  Flutter:
    :path: Flutter
  key_value_store_flutter:
    :path: ".symlinks/plugins/key_value_store_flutter/ios"
  path_provider:
    :path: ".symlinks/plugins/path_provider/ios"
  shared_preferences:
    :path: ".symlinks/plugins/shared_preferences/ios"
  url_launcher:
    :path: ".symlinks/plugins/url_launcher/ios"

SPEC CHECKSUMS:
  Flutter: bd837cb4c6faaf738bc642e6cc5340ea23e64d5d
  key_value_store_flutter: 0987df666fd7ab201f01e7b025ead92540ab22e3
  path_provider: 518ea58c88b6c9c666c5a935114af3bc47ce2dad
  shared_preferences: 3d1e5698ad38efd3350d86a8d815382c7ccb7b63
  url_launcher: acb655516ef8d38034a15bc84392a5e0fd77e091

PODFILE CHECKSUM: f32fb4e7c14f8b3ca19a369d7be425dd9241af27

COCOAPODS: 1.8.1
